
Microsoft Visual Studio Solution File, Format Version 11.00
# Visual Studio 2010
Project("{8BC9CEB8-8B4A-11D0-8D11-00A0C91BC942}") = "Пняву1", "Пняву1\Пняву1.vcxproj", "{C2BD7148-7884-40C3-979C-D616C4D666F5}"
EndProject
Global
	GlobalSection(SolutionConfigurationPlatforms) = preSolution
		Debug|Win32 = Debug|Win32
		Release|Win32 = Release|Win32
	EndGlobalSection
	GlobalSection(ProjectConfigurationPlatforms) = postSolution
		{C2BD7148-7884-40C3-979C-D616C4D666F5}.Debug|Win32.ActiveCfg = Debug|Win32
		{C2BD7148-7884-40C3-979C-D616C4D666F5}.Debug|Win32.Build.0 = Debug|Win32
		{C2BD7148-7884-40C3-979C-D616C4D666F5}.Release|Win32.ActiveCfg = Release|Win32
		{C2BD7148-7884-40C3-979C-D616C4D666F5}.Release|Win32.Build.0 = Release|Win32
	EndGlobalSection
	GlobalSection(SolutionProperties) = preSolution
		HideSolutionNode = FALSE
	EndGlobalSection
EndGlobal
